
Microsoft Visual Studio Solution File, Format Version 12.00
# Visual Studio 15
VisualStudioVersion = 15.0.26124.0
MinimumVisualStudioVersion = 15.0.26124.0
Project("{FAE04EC0-301F-11D3-BF4B-00C04F79EFBC}") = "API", "API\API.csproj", "{DE4E760F-8F71-4BD2-BA63-1BE7E88D676A}"
EndProject
Project("{FAE04EC0-301F-11D3-BF4B-00C04F79EFBC}") = "Core", "Core\Core.csproj", "{AA61487A-1482-4839-80EF-CBA54670D130}"
EndProject
Project("{FAE04EC0-301F-11D3-BF4B-00C04F79EFBC}") = "Infrastructure", "Infrastructure\Infrastructure.csproj", "{92C409E9-BD5D-44CD-88BD-992C77CB6CCE}"
EndProject
Global
	GlobalSection(SolutionConfigurationPlatforms) = preSolution
		Debug|Any CPU = Debug|Any CPU
		Debug|x64 = Debug|x64
		Debug|x86 = Debug|x86
		Release|Any CPU = Release|Any CPU
		Release|x64 = Release|x64
		Release|x86 = Release|x86
	EndGlobalSection
	GlobalSection(SolutionProperties) = preSolution
		HideSolutionNode = FALSE
	EndGlobalSection
	GlobalSection(ProjectConfigurationPlatforms) = postSolution
		{DE4E760F-8F71-4BD2-BA63-1BE7E88D676A}.Debug|Any CPU.ActiveCfg = Debug|Any CPU
		{DE4E760F-8F71-4BD2-BA63-1BE7E88D676A}.Debug|Any CPU.Build.0 = Debug|Any CPU
		{DE4E760F-8F71-4BD2-BA63-1BE7E88D676A}.Debug|x64.ActiveCfg = Debug|Any CPU
		{DE4E760F-8F71-4BD2-BA63-1BE7E88D676A}.Debug|x64.Build.0 = Debug|Any CPU
		{DE4E760F-8F71-4BD2-BA63-1BE7E88D676A}.Debug|x86.ActiveCfg = Debug|Any CPU
		{DE4E760F-8F71-4BD2-BA63-1BE7E88D676A}.Debug|x86.Build.0 = Debug|Any CPU
		{DE4E760F-8F71-4BD2-BA63-1BE7E88D676A}.Release|Any CPU.ActiveCfg = Release|Any CPU
		{DE4E760F-8F71-4BD2-BA63-1BE7E88D676A}.Release|Any CPU.Build.0 = Release|Any CPU
		{DE4E760F-8F71-4BD2-BA63-1BE7E88D676A}.Release|x64.ActiveCfg = Release|Any CPU
		{DE4E760F-8F71-4BD2-BA63-1BE7E88D676A}.Release|x64.Build.0 = Release|Any CPU
		{DE4E760F-8F71-4BD2-BA63-1BE7E88D676A}.Release|x86.ActiveCfg = Release|Any CPU
		{DE4E760F-8F71-4BD2-BA63-1BE7E88D676A}.Release|x86.Build.0 = Release|Any CPU
		{AA61487A-1482-4839-80EF-CBA54670D130}.Debug|Any CPU.ActiveCfg = Debug|Any CPU
		{AA61487A-1482-4839-80EF-CBA54670D130}.Debug|Any CPU.Build.0 = Debug|Any CPU
		{AA61487A-1482-4839-80EF-CBA54670D130}.Debug|x64.ActiveCfg = Debug|Any CPU
		{AA61487A-1482-4839-80EF-CBA54670D130}.Debug|x64.Build.0 = Debug|Any CPU
		{AA61487A-1482-4839-80EF-CBA54670D130}.Debug|x86.ActiveCfg = Debug|Any CPU
		{AA61487A-1482-4839-80EF-CBA54670D130}.Debug|x86.Build.0 = Debug|Any CPU
		{AA61487A-1482-4839-80EF-CBA54670D130}.Release|Any CPU.ActiveCfg = Release|Any CPU
		{AA61487A-1482-4839-80EF-CBA54670D130}.Release|Any CPU.Build.0 = Release|Any CPU
		{AA61487A-1482-4839-80EF-CBA54670D130}.Release|x64.ActiveCfg = Release|Any CPU
		{AA61487A-1482-4839-80EF-CBA54670D130}.Release|x64.Build.0 = Release|Any CPU
		{AA61487A-1482-4839-80EF-CBA54670D130}.Release|x86.ActiveCfg = Release|Any CPU
		{AA61487A-1482-4839-80EF-CBA54670D130}.Release|x86.Build.0 = Release|Any CPU
		{92C409E9-BD5D-44CD-88BD-992C77CB6CCE}.Debug|Any CPU.ActiveCfg = Debug|Any CPU
		{92C409E9-BD5D-44CD-88BD-992C77CB6CCE}.Debug|Any CPU.Build.0 = Debug|Any CPU
		{92C409E9-BD5D-44CD-88BD-992C77CB6CCE}.Debug|x64.ActiveCfg = Debug|Any CPU
		{92C409E9-BD5D-44CD-88BD-992C77CB6CCE}.Debug|x64.Build.0 = Debug|Any CPU
		{92C409E9-BD5D-44CD-88BD-992C77CB6CCE}.Debug|x86.ActiveCfg = Debug|Any CPU
		{92C409E9-BD5D-44CD-88BD-992C77CB6CCE}.Debug|x86.Build.0 = Debug|Any CPU
		{92C409E9-BD5D-44CD-88BD-992C77CB6CCE}.Release|Any CPU.ActiveCfg = Release|Any CPU
		{92C409E9-BD5D-44CD-88BD-992C77CB6CCE}.Release|Any CPU.Build.0 = Release|Any CPU
		{92C409E9-BD5D-44CD-88BD-992C77CB6CCE}.Release|x64.ActiveCfg = Release|Any CPU
		{92C409E9-BD5D-44CD-88BD-992C77CB6CCE}.Release|x64.Build.0 = Release|Any CPU
		{92C409E9-BD5D-44CD-88BD-992C77CB6CCE}.Release|x86.ActiveCfg = Release|Any CPU
		{92C409E9-BD5D-44CD-88BD-992C77CB6CCE}.Release|x86.Build.0 = Release|Any CPU
	EndGlobalSection
EndGlobal
